{
    "name": "talksjs",
    "version": "1.0.0",
    "lockfileVersion": 3,
    "requires": true,
    "packages": {
        "": {
            "name": "talksjs",
            "version": "1.0.0",
            "license": "MIT",
            "dependencies": {
                "@ricky0123/vad-node": "file:./vad-node"
            }
        },
        "node_modules/@ricky0123/vad-node": {
            "resolved": "vad-node",
            "link": true
        },
        "vad-node": {}
    }
}
